
Microsoft Visual Studio Solution File, Format Version 12.00
# Visual Studio Version 16
VisualStudioVersion = 16.0.32929.386
MinimumVisualStudioVersion = 10.0.40219.1
Project("{FAE04EC0-301F-11D3-BF4B-00C04F79EFBC}") = "HotelReservation", "HotelReservation\HotelReservation.csproj", "{1412B812-42C5-49E9-996A-752695E1577D}"
EndProject
Global
	GlobalSection(SolutionConfigurationPlatforms) = preSolution
		Debug|Any CPU = Debug|Any CPU
		Release|Any CPU = Release|Any CPU
	EndGlobalSection
	GlobalSection(ProjectConfigurationPlatforms) = postSolution
		{1412B812-42C5-49E9-996A-752695E1577D}.Debug|Any CPU.ActiveCfg = Debug|Any CPU
		{1412B812-42C5-49E9-996A-752695E1577D}.Debug|Any CPU.Build.0 = Debug|Any CPU
		{1412B812-42C5-49E9-996A-752695E1577D}.Release|Any CPU.ActiveCfg = Release|Any CPU
		{1412B812-42C5-49E9-996A-752695E1577D}.Release|Any CPU.Build.0 = Release|Any CPU
	EndGlobalSection
	GlobalSection(SolutionProperties) = preSolution
		HideSolutionNode = FALSE
	EndGlobalSection
	GlobalSection(ExtensibilityGlobals) = postSolution
		SolutionGuid = {83E381D7-024B-4FD9-B5CE-57B8C2E2C0CA}
	EndGlobalSection
EndGlobal
